// !$*UTF8*$!
{
	archiveVersion = 1;
	classes = {
	};
	objectVersion = 77;
	objects = {

/* Begin PBXBuildFile section */
		76E84ECE2F1AC1BF004A21C7 /* GoogleSignIn in Frameworks */ = {isa = PBXBuildFile; productRef = 76E84ECD2F1AC1BF004A21C7 /* GoogleSignIn */; };
		76E84ED02F1AC1BF004A21C7 /* GoogleSignInSwift in Frameworks */ = {isa = PBXBuildFile; productRef = 76E84ECF2F1AC1BF004A21C7 /* GoogleSignInSwift */; };
		76E84ED32F1DB637004A21C7 /* FirebaseAnalytics in Frameworks */ = {isa = PBXBuildFile; productRef = 76E84ED22F1DB637004A21C7 /* FirebaseAnalytics */; };
		76E84ED52F1DB637004A21C7 /* FirebaseAuth in Frameworks */ = {isa = PBXBuildFile; productRef = 76E84ED42F1DB637004A21C7 /* FirebaseAuth */; };
		76E84ED72F1DB637004A21C7 /* FirebaseAuthCombine-Community in Frameworks */ = {isa = PBXBuildFile; productRef = 76E84ED62F1DB637004A21C7 /* FirebaseAuthCombine-Community */; };
		76E84ED92F1DB637004A21C7 /* FirebaseCore in Frameworks */ = {isa = PBXBuildFile; productRef = 76E84ED82F1DB637004A21C7 /* FirebaseCore */; };
		76E84EDB2F1DB637004A21C7 /* FirebaseCrashlytics in Frameworks */ = {isa = PBXBuildFile; productRef = 76E84EDA2F1DB637004A21C7 /* FirebaseCrashlytics */; };
		76E84EDD2F1DB637004A21C7 /* FirebaseFirestore in Frameworks */ = {isa = PBXBuildFile; productRef = 76E84EDC2F1DB637004A21C7 /* FirebaseFirestore */; };
		76E84EDF2F1DB637004A21C7 /* FirebaseFirestoreCombine-Community in Frameworks */ = {isa = PBXBuildFile; productRef = 76E84EDE2F1DB637004A21C7 /* FirebaseFirestoreCombine-Community */; };
		76E84EE12F1DB637004A21C7 /* FirebaseInAppMessaging-Beta in Frameworks */ = {isa = PBXBuildFile; productRef = 76E84EE02F1DB637004A21C7 /* FirebaseInAppMessaging-Beta */; };
		76E84EE32F1DB637004A21C7 /* FirebaseMessaging in Frameworks */ = {isa = PBXBuildFile; productRef = 76E84EE22F1DB637004A21C7 /* FirebaseMessaging */; };
		76E84EE52F1DB637004A21C7 /* FirebaseStorage in Frameworks */ = {isa = PBXBuildFile; productRef = 76E84EE42F1DB637004A21C7 /* FirebaseStorage */; };
/* End PBXBuildFile section */

/* Begin PBXFileReference section */
		1D496BB5116713091F1C5352 /* NutriSport.app */ = {isa = PBXFileReference; explicitFileType = wrapper.application; includeInIndex = 0; path = NutriSport.app; sourceTree = BUILT_PRODUCTS_DIR; };
/* End PBXFileReference section */

/* Begin PBXFileSystemSynchronizedBuildFileExceptionSet section */
		EECB4A99710F038D32C5BCC1 /* Exceptions for "iosApp" folder in "iosApp" target */ = {
			isa = PBXFileSystemSynchronizedBuildFileExceptionSet;
			membershipExceptions = (
				Info.plist,
			);
			target = 42A93C9EDCBC533AC3CBC172 /* iosApp */;
		};
/* End PBXFileSystemSynchronizedBuildFileExceptionSet section */

/* Begin PBXFileSystemSynchronizedRootGroup section */
		17F7B62DD97B9892C06DEBF9 /* Configuration */ = {
			isa = PBXFileSystemSynchronizedRootGroup;
			path = Configuration;
			sourceTree = "<group>";
		};
		33378BE6E101B4FAD74BF5D0 /* iosApp */ = {
			isa = PBXFileSystemSynchronizedRootGroup;
			exceptions = (
				EECB4A99710F038D32C5BCC1 /* Exceptions for "iosApp" folder in "iosApp" target */,
			);
			path = iosApp;
			sourceTree = "<group>";
		};
/* End PBXFileSystemSynchronizedRootGroup section */

/* Begin PBXFrameworksBuildPhase section */
		3D45254D6E6E92B732AC2CA1 /* Frameworks */ = {
			isa = PBXFrameworksBuildPhase;
			buildActionMask = 2147483647;
			files = (
				76E84ECE2F1AC1BF004A21C7 /* GoogleSignIn in Frameworks */,
				76E84ED02F1AC1BF004A21C7 /* GoogleSignInSwift in Frameworks */,
				76E84ED32F1DB637004A21C7 /* FirebaseAnalytics in Frameworks */,
				76E84EDF2F1DB637004A21C7 /* FirebaseFirestoreCombine-Community in Frameworks */,
				76E84EDB2F1DB637004A21C7 /* FirebaseCrashlytics in Frameworks */,
				76E84EE52F1DB637004A21C7 /* FirebaseStorage in Frameworks */,
				76E84ED52F1DB637004A21C7 /* FirebaseAuth in Frameworks */,
				76E84EDD2F1DB637004A21C7 /* FirebaseFirestore in Frameworks */,
				76E84ED92F1DB637004A21C7 /* FirebaseCore in Frameworks */,
				76E84ED72F1DB637004A21C7 /* FirebaseAuthCombine-Community in Frameworks */,
				76E84EE32F1DB637004A21C7 /* FirebaseMessaging in Frameworks */,
				76E84EE12F1DB637004A21C7 /* FirebaseInAppMessaging-Beta in Frameworks */,
			);
			runOnlyForDeploymentPostprocessing = 0;
		};
/* End PBXFrameworksBuildPhase section */

/* Begin PBXGroup section */
		874C261BA9564B953860B93E = {
			isa = PBXGroup;
			children = (
				17F7B62DD97B9892C06DEBF9 /* Configuration */,
				33378BE6E101B4FAD74BF5D0 /* iosApp */,
				D85432A90E643CF11D4E14A8 /* Products */,
			);
			sourceTree = "<group>";
		};
		D85432A90E643CF11D4E14A8 /* Products */ = {
			isa = PBXGroup;
			children = (
				1D496BB5116713091F1C5352 /* NutriSport.app */,
			);
			name = Products;
			sourceTree = "<group>";
		};
/* End PBXGroup section */

/* Begin PBXNativeTarget section */
		42A93C9EDCBC533AC3CBC172 /* iosApp */ = {
			isa = PBXNativeTarget;
			buildConfigurationList = 0CCC228BF765BACD8D5D3A7B /* Build configuration list for PBXNativeTarget "iosApp" */;
			buildPhases = (
				56F189F154E2B234EDBED712 /* Compile Kotlin Framework */,
				7F2F260CD6363BE16E008A24 /* Sources */,
				3D45254D6E6E92B732AC2CA1 /* Frameworks */,
				2C63F675F1128D12D3DD6494 /* Resources */,
			);
			buildRules = (
			);
			dependencies = (
			);
			fileSystemSynchronizedGroups = (
				33378BE6E101B4FAD74BF5D0 /* iosApp */,
			);
			name = iosApp;
			packageProductDependencies = (
				76E84ECD2F1AC1BF004A21C7 /* GoogleSignIn */,
				76E84ECF2F1AC1BF004A21C7 /* GoogleSignInSwift */,
				76E84ED22F1DB637004A21C7 /* FirebaseAnalytics */,
				76E84ED42F1DB637004A21C7 /* FirebaseAuth */,
				76E84ED62F1DB637004A21C7 /* FirebaseAuthCombine-Community */,
				76E84ED82F1DB637004A21C7 /* FirebaseCore */,
				76E84EDA2F1DB637004A21C7 /* FirebaseCrashlytics */,
				76E84EDC2F1DB637004A21C7 /* FirebaseFirestore */,
				76E84EDE2F1DB637004A21C7 /* FirebaseFirestoreCombine-Community */,
				76E84EE02F1DB637004A21C7 /* FirebaseInAppMessaging-Beta */,
				76E84EE22F1DB637004A21C7 /* FirebaseMessaging */,
				76E84EE42F1DB637004A21C7 /* FirebaseStorage */,
			);
			productName = iosApp;
			productReference = 1D496BB5116713091F1C5352 /* NutriSport.app */;
			productType = "com.apple.product-type.application";
		};
/* End PBXNativeTarget section */

/* Begin PBXProject section */
		064602D90BEB0EE77D45EC54 /* Project object */ = {
			isa = PBXProject;
			attributes = {
				BuildIndependentTargetsInParallel = 1;
				LastSwiftUpdateCheck = 1620;
				LastUpgradeCheck = 1620;
				TargetAttributes = {
					42A93C9EDCBC533AC3CBC172 = {
						CreatedOnToolsVersion = 16.2;
					};
				};
			};
			buildConfigurationList = E1876918E076347C2B544BC1 /* Build configuration list for PBXProject "iosApp" */;
			developmentRegion = en;
			hasScannedForEncodings = 0;
			knownRegions = (
				en,
				Base,
			);
			mainGroup = 874C261BA9564B953860B93E;
			minimizedProjectReferenceProxies = 1;
			packageReferences = (
				76E84ECC2F1AC1BF004A21C7 /* XCRemoteSwiftPackageReference "GoogleSignIn-iOS" */,
				76E84ED12F1DB637004A21C7 /* XCRemoteSwiftPackageReference "firebase-ios-sdk" */,
			);
			preferredProjectObjectVersion = 77;
			productRefGroup = D85432A90E643CF11D4E14A8 /* Products */;
			projectDirPath = "";
			projectRoot = "";
			targets = (
				42A93C9EDCBC533AC3CBC172 /* iosApp */,
			);
		};
/* End PBXProject section */

/* Begin PBXResourcesBuildPhase section */
		2C63F675F1128D12D3DD6494 /* Resources */ = {
			isa = PBXResourcesBuildPhase;
			buildActionMask = 2147483647;
			files = (
			);
			runOnlyForDeploymentPostprocessing = 0;
		};
/* End PBXResourcesBuildPhase section */

/* Begin PBXShellScriptBuildPhase section */
		56F189F154E2B234EDBED712 /* Compile Kotlin Framework */ = {
			isa = PBXShellScriptBuildPhase;
			alwaysOutOfDate = 1;
			buildActionMask = 2147483647;
			files = (
			);
			inputFileListPaths = (
			);
			inputPaths = (
			);
			name = "Compile Kotlin Framework";
			outputFileListPaths = (
			);
			outputPaths = (
			);
			runOnlyForDeploymentPostprocessing = 0;
			shellPath = /bin/sh;
			shellScript = "if [ \"YES\" = \"$OVERRIDE_KOTLIN_BUILD_IDE_SUPPORTED\" ]; then\n  echo \"Skipping Gradle build task invocation due to OVERRIDE_KOTLIN_BUILD_IDE_SUPPORTED environment variable set to \\\"YES\\\"\"\n  exit 0\nfi\ncd \"$SRCROOT/..\"\n./gradlew :composeApp:embedAndSignAppleFrameworkForXcode\n";
		};
/* End PBXShellScriptBuildPhase section */

/* Begin PBXSourcesBuildPhase section */
		7F2F260CD6363BE16E008A24 /* Sources */ = {
			isa = PBXSourcesBuildPhase;
			buildActionMask = 2147483647;
			files = (
			);
			runOnlyForDeploymentPostprocessing = 0;
		};
/* End PBXSourcesBuildPhase section */

/* Begin XCBuildConfiguration section */
		697AFB60456A5F067596C8F3 /* Debug */ = {
			isa = XCBuildConfiguration;
			buildSettings = {
				ARCHS = arm64;
				ASSETCATALOG_COMPILER_APPICON_NAME = AppIcon;
				ASSETCATALOG_COMPILER_GLOBAL_ACCENT_COLOR_NAME = AccentColor;
				CODE_SIGN_IDENTITY = "Apple Development";
				CODE_SIGN_STYLE = Automatic;
				DEVELOPMENT_ASSET_PATHS = "\"iosApp/Preview Content\"";
				DEVELOPMENT_TEAM = "${TEAM_ID}";
				ENABLE_PREVIEWS = YES;
				GENERATE_INFOPLIST_FILE = YES;
				INFOPLIST_FILE = iosApp/Info.plist;
				INFOPLIST_KEY_UIApplicationSceneManifest_Generation = YES;
				INFOPLIST_KEY_UIApplicationSupportsIndirectInputEvents = YES;
				INFOPLIST_KEY_UILaunchScreen_Generation = YES;
				INFOPLIST_KEY_UILaunchStoryboardName = "Launch Screen";
				INFOPLIST_KEY_UISupportedInterfaceOrientations_iPad = "UIInterfaceOrientationPortrait UIInterfaceOrientationPortraitUpsideDown UIInterfaceOrientationLandscapeLeft UIInterfaceOrientationLandscapeRight";
				INFOPLIST_KEY_UISupportedInterfaceOrientations_iPhone = "UIInterfaceOrientationPortrait UIInterfaceOrientationLandscapeLeft UIInterfaceOrientationLandscapeRight";
				LD_RUNPATH_SEARCH_PATHS = (
					"$(inherited)",
					"@executable_path/Frameworks",
				);
				SWIFT_EMIT_LOC_STRINGS = YES;
				SWIFT_VERSION = 5.0;
				TARGETED_DEVICE_FAMILY = "1,2";
			};
			name = Debug;
		};
		A6EAC4387247F1A18B349D3C /* Release */ = {
			isa = XCBuildConfiguration;
			buildSettings = {
				ARCHS = arm64;
				ASSETCATALOG_COMPILER_APPICON_NAME = AppIcon;
				ASSETCATALOG_COMPILER_GLOBAL_ACCENT_COLOR_NAME = AccentColor;
				CODE_SIGN_IDENTITY = "Apple Development";
				CODE_SIGN_STYLE = Automatic;
				DEVELOPMENT_ASSET_PATHS = "\"iosApp/Preview Content\"";
				DEVELOPMENT_TEAM = "${TEAM_ID}";
				ENABLE_PREVIEWS = YES;
				GENERATE_INFOPLIST_FILE = YES;
				INFOPLIST_FILE = iosApp/Info.plist;
				INFOPLIST_KEY_UIApplicationSceneManifest_Generation = YES;
				INFOPLIST_KEY_UIApplicationSupportsIndirectInputEvents = YES;
				INFOPLIST_KEY_UILaunchScreen_Generation = YES;
				INFOPLIST_KEY_UILaunchStoryboardName = "Launch Screen";
				INFOPLIST_KEY_UISupportedInterfaceOrientations_iPad = "UIInterfaceOrientationPortrait UIInterfaceOrientationPortraitUpsideDown UIInterfaceOrientationLandscapeLeft UIInterfaceOrientationLandscapeRight";
				INFOPLIST_KEY_UISupportedInterfaceOrientations_iPhone = "UIInterfaceOrientationPortrait UIInterfaceOrientationLandscapeLeft UIInterfaceOrientationLandscapeRight";
				LD_RUNPATH_SEARCH_PATHS = (
					"$(inherited)",
					"@executable_path/Frameworks",
				);
				SWIFT_EMIT_LOC_STRINGS = YES;
				SWIFT_VERSION = 5.0;
				TARGETED_DEVICE_FAMILY = "1,2";
			};
			name = Release;
		};
		A9DA4E7DF98C3096EBA9447E /* Debug */ = {
			isa = XCBuildConfiguration;
			baseConfigurationReferenceAnchor = 17F7B62DD97B9892C06DEBF9 /* Configuration */;
			baseConfigurationReferenceRelativePath = Config.xcconfig;
			buildSettings = {
				ALWAYS_SEARCH_USER_PATHS = NO;
				ASSETCATALOG_COMPILER_GENERATE_SWIFT_ASSET_SYMBOL_EXTENSIONS = YES;
				CLANG_ANALYZER_NONNULL = YES;
				CLANG_ANALYZER_NUMBER_OBJECT_CONVERSION = YES_AGGRESSIVE;
				CLANG_CXX_LANGUAGE_STANDARD = "gnu++20";
				CLANG_ENABLE_MODULES = YES;
				CLANG_ENABLE_OBJC_ARC = YES;
				CLANG_ENABLE_OBJC_WEAK = YES;
				CLANG_WARN_BLOCK_CAPTURE_AUTORELEASING = YES;
				CLANG_WARN_BOOL_CONVERSION = YES;
				CLANG_WARN_COMMA = YES;
				CLANG_WARN_CONSTANT_CONVERSION = YES;
				CLANG_WARN_DEPRECATED_OBJC_IMPLEMENTATIONS = YES;
				CLANG_WARN_DIRECT_OBJC_ISA_USAGE = YES_ERROR;
				CLANG_WARN_DOCUMENTATION_COMMENTS = YES;
				CLANG_WARN_EMPTY_BODY = YES;
				CLANG_WARN_ENUM_CONVERSION = YES;
				CLANG_WARN_INFINITE_RECURSION = YES;
				CLANG_WARN_INT_CONVERSION = YES;
				CLANG_WARN_NON_LITERAL_NULL_CONVERSION = YES;
				CLANG_WARN_OBJC_IMPLICIT_RETAIN_SELF = YES;
				CLANG_WARN_OBJC_LITERAL_CONVERSION = YES;
				CLANG_WARN_OBJC_ROOT_CLASS = YES_ERROR;
				CLANG_WARN_QUOTED_INCLUDE_IN_FRAMEWORK_HEADER = YES;
				CLANG_WARN_RANGE_LOOP_ANALYSIS = YES;
				CLANG_WARN_STRICT_PROTOTYPES = YES;
				CLANG_WARN_SUSPICIOUS_MOVE = YES;
				CLANG_WARN_UNGUARDED_AVAILABILITY = YES_AGGRESSIVE;
				CLANG_WARN_UNREACHABLE_CODE = YES;
				CLANG_WARN__DUPLICATE_METHOD_MATCH = YES;
				COPY_PHASE_STRIP = NO;
				DEBUG_INFORMATION_FORMAT = dwarf;
				ENABLE_STRICT_OBJC_MSGSEND = YES;
				ENABLE_TESTABILITY = YES;
				ENABLE_USER_SCRIPT_SANDBOXING = NO;
				GCC_C_LANGUAGE_STANDARD = gnu17;
				GCC_DYNAMIC_NO_PIC = NO;
				GCC_NO_COMMON_BLOCKS = YES;
				GCC_OPTIMIZATION_LEVEL = 0;
				GCC_PREPROCESSOR_DEFINITIONS = (
					"DEBUG=1",
					"$(inherited)",
				);
				GCC_WARN_64_TO_32_BIT_CONVERSION = YES;
				GCC_WARN_ABOUT_RETURN_TYPE = YES_ERROR;
				GCC_WARN_UNDECLARED_SELECTOR = YES;
				GCC_WARN_UNINITIALIZED_AUTOS = YES_AGGRESSIVE;
				GCC_WARN_UNUSED_FUNCTION = YES;
				GCC_WARN_UNUSED_VARIABLE = YES;
				IPHONEOS_DEPLOYMENT_TARGET = 18.2;
				LOCALIZATION_PREFERS_STRING_CATALOGS = YES;
				MTL_ENABLE_DEBUG_INFO = INCLUDE_SOURCE;
				MTL_FAST_MATH = YES;
				ONLY_ACTIVE_ARCH = YES;
				SDKROOT = iphoneos;
				SWIFT_ACTIVE_COMPILATION_CONDITIONS = "DEBUG $(inherited)";
				SWIFT_OPTIMIZATION_LEVEL = "-Onone";
			};
			name = Debug;
		};
		D82059A4ADA050CFCA29C289 /* Release */ = {
			isa = XCBuildConfiguration;
			baseConfigurationReferenceAnchor = 17F7B62DD97B9892C06DEBF9 /* Configuration */;
			baseConfigurationReferenceRelativePath = Config.xcconfig;
			buildSettings = {
				ALWAYS_SEARCH_USER_PATHS = NO;
				ASSETCATALOG_COMPILER_GENERATE_SWIFT_ASSET_SYMBOL_EXTENSIONS = YES;
				CLANG_ANALYZER_NONNULL = YES;
				CLANG_ANALYZER_NUMBER_OBJECT_CONVERSION = YES_AGGRESSIVE;
				CLANG_CXX_LANGUAGE_STANDARD = "gnu++20";
				CLANG_ENABLE_MODULES = YES;
				CLANG_ENABLE_OBJC_ARC = YES;
				CLANG_ENABLE_OBJC_WEAK = YES;
				CLANG_WARN_BLOCK_CAPTURE_AUTORELEASING = YES;
				CLANG_WARN_BOOL_CONVERSION = YES;
				CLANG_WARN_COMMA = YES;
				CLANG_WARN_CONSTANT_CONVERSION = YES;
				CLANG_WARN_DEPRECATED_OBJC_IMPLEMENTATIONS = YES;
				CLANG_WARN_DIRECT_OBJC_ISA_USAGE = YES_ERROR;
				CLANG_WARN_DOCUMENTATION_COMMENTS = YES;
				CLANG_WARN_EMPTY_BODY = YES;
				CLANG_WARN_ENUM_CONVERSION = YES;
				CLANG_WARN_INFINITE_RECURSION = YES;
				CLANG_WARN_INT_CONVERSION = YES;
				CLANG_WARN_NON_LITERAL_NULL_CONVERSION = YES;
				CLANG_WARN_OBJC_IMPLICIT_RETAIN_SELF = YES;
				CLANG_WARN_OBJC_LITERAL_CONVERSION = YES;
				CLANG_WARN_OBJC_ROOT_CLASS = YES_ERROR;
				CLANG_WARN_QUOTED_INCLUDE_IN_FRAMEWORK_HEADER = YES;
				CLANG_WARN_RANGE_LOOP_ANALYSIS = YES;
				CLANG_WARN_STRICT_PROTOTYPES = YES;
				CLANG_WARN_SUSPICIOUS_MOVE = YES;
				CLANG_WARN_UNGUARDED_AVAILABILITY = YES_AGGRESSIVE;
				CLANG_WARN_UNREACHABLE_CODE = YES;
				CLANG_WARN__DUPLICATE_METHOD_MATCH = YES;
				COPY_PHASE_STRIP = NO;
				DEBUG_INFORMATION_FORMAT = "dwarf-with-dsym";
				ENABLE_NS_ASSERTIONS = NO;
				ENABLE_STRICT_OBJC_MSGSEND = YES;
				ENABLE_USER_SCRIPT_SANDBOXING = NO;
				GCC_C_LANGUAGE_STANDARD = gnu17;
				GCC_NO_COMMON_BLOCKS = YES;
				GCC_WARN_64_TO_32_BIT_CONVERSION = YES;
				GCC_WARN_ABOUT_RETURN_TYPE = YES_ERROR;
				GCC_WARN_UNDECLARED_SELECTOR = YES;
				GCC_WARN_UNINITIALIZED_AUTOS = YES_AGGRESSIVE;
				GCC_WARN_UNUSED_FUNCTION = YES;
				GCC_WARN_UNUSED_VARIABLE = YES;
				IPHONEOS_DEPLOYMENT_TARGET = 18.2;
				LOCALIZATION_PREFERS_STRING_CATALOGS = YES;
				MTL_ENABLE_DEBUG_INFO = NO;
				MTL_FAST_MATH = YES;
				SDKROOT = iphoneos;
				SWIFT_COMPILATION_MODE = wholemodule;
				VALIDATE_PRODUCT = YES;
			};
			name = Release;
		};
/* End XCBuildConfiguration section */

/* Begin XCConfigurationList section */
		0CCC228BF765BACD8D5D3A7B /* Build configuration list for PBXNativeTarget "iosApp" */ = {
			isa = XCConfigurationList;
			buildConfigurations = (
				697AFB60456A5F067596C8F3 /* Debug */,
				A6EAC4387247F1A18B349D3C /* Release */,
			);
			defaultConfigurationIsVisible = 0;
			defaultConfigurationName = Release;
		};
		E1876918E076347C2B544BC1 /* Build configuration list for PBXProject "iosApp" */ = {
			isa = XCConfigurationList;
			buildConfigurations = (
				A9DA4E7DF98C3096EBA9447E /* Debug */,
				D82059A4ADA050CFCA29C289 /* Release */,
			);
			defaultConfigurationIsVisible = 0;
			defaultConfigurationName = Release;
		};
/* End XCConfigurationList section */

/* Begin XCRemoteSwiftPackageReference section */
		76E84ECC2F1AC1BF004A21C7 /* XCRemoteSwiftPackageReference "GoogleSignIn-iOS" */ = {
			isa = XCRemoteSwiftPackageReference;
			repositoryURL = "https://github.com/google/GoogleSignIn-iOS.git";
			requirement = {
				kind = upToNextMajorVersion;
				minimumVersion = 9.1.0;
			};
		};
		76E84ED12F1DB637004A21C7 /* XCRemoteSwiftPackageReference "firebase-ios-sdk" */ = {
			isa = XCRemoteSwiftPackageReference;
			repositoryURL = "https://github.com/firebase/firebase-ios-sdk";
			requirement = {
				kind = upToNextMajorVersion;
				minimumVersion = 12.8.0;
			};
		};
/* End XCRemoteSwiftPackageReference section */

/* Begin XCSwiftPackageProductDependency section */
		76E84ECD2F1AC1BF004A21C7 /* GoogleSignIn */ = {
			isa = XCSwiftPackageProductDependency;
			package = 76E84ECC2F1AC1BF004A21C7 /* XCRemoteSwiftPackageReference "GoogleSignIn-iOS" */;
			productName = GoogleSignIn;
		};
		76E84ECF2F1AC1BF004A21C7 /* GoogleSignInSwift */ = {
			isa = XCSwiftPackageProductDependency;
			package = 76E84ECC2F1AC1BF004A21C7 /* XCRemoteSwiftPackageReference "GoogleSignIn-iOS" */;
			productName = GoogleSignInSwift;
		};
		76E84ED22F1DB637004A21C7 /* FirebaseAnalytics */ = {
			isa = XCSwiftPackageProductDependency;
			package = 76E84ED12F1DB637004A21C7 /* XCRemoteSwiftPackageReference "firebase-ios-sdk" */;
			productName = FirebaseAnalytics;
		};
		76E84ED42F1DB637004A21C7 /* FirebaseAuth */ = {
			isa = XCSwiftPackageProductDependency;
			package = 76E84ED12F1DB637004A21C7 /* XCRemoteSwiftPackageReference "firebase-ios-sdk" */;
			productName = FirebaseAuth;
		};
		76E84ED62F1DB637004A21C7 /* FirebaseAuthCombine-Community */ = {
			isa = XCSwiftPackageProductDependency;
			package = 76E84ED12F1DB637004A21C7 /* XCRemoteSwiftPackageReference "firebase-ios-sdk" */;
			productName = "FirebaseAuthCombine-Community";
		};
		76E84ED82F1DB637004A21C7 /* FirebaseCore */ = {
			isa = XCSwiftPackageProductDependency;
			package = 76E84ED12F1DB637004A21C7 /* XCRemoteSwiftPackageReference "firebase-ios-sdk" */;
			productName = FirebaseCore;
		};
		76E84EDA2F1DB637004A21C7 /* FirebaseCrashlytics */ = {
			isa = XCSwiftPackageProductDependency;
			package = 76E84ED12F1DB637004A21C7 /* XCRemoteSwiftPackageReference "firebase-ios-sdk" */;
			productName = FirebaseCrashlytics;
		};
		76E84EDC2F1DB637004A21C7 /* FirebaseFirestore */ = {
			isa = XCSwiftPackageProductDependency;
			package = 76E84ED12F1DB637004A21C7 /* XCRemoteSwiftPackageReference "firebase-ios-sdk" */;
			productName = FirebaseFirestore;
		};
		76E84EDE2F1DB637004A21C7 /* FirebaseFirestoreCombine-Community */ = {
			isa = XCSwiftPackageProductDependency;
			package = 76E84ED12F1DB637004A21C7 /* XCRemoteSwiftPackageReference "firebase-ios-sdk" */;
			productName = "FirebaseFirestoreCombine-Community";
		};
		76E84EE02F1DB637004A21C7 /* FirebaseInAppMessaging-Beta */ = {
			isa = XCSwiftPackageProductDependency;
			package = 76E84ED12F1DB637004A21C7 /* XCRemoteSwiftPackageReference "firebase-ios-sdk" */;
			productName = "FirebaseInAppMessaging-Beta";
		};
		76E84EE22F1DB637004A21C7 /* FirebaseMessaging */ = {
			isa = XCSwiftPackageProductDependency;
			package = 76E84ED12F1DB637004A21C7 /* XCRemoteSwiftPackageReference "firebase-ios-sdk" */;
			productName = FirebaseMessaging;
		};
		76E84EE42F1DB637004A21C7 /* FirebaseStorage */ = {
			isa = XCSwiftPackageProductDependency;
			package = 76E84ED12F1DB637004A21C7 /* XCRemoteSwiftPackageReference "firebase-ios-sdk" */;
			productName = FirebaseStorage;
		};
/* End XCSwiftPackageProductDependency section */
	};
	rootObject = 064602D90BEB0EE77D45EC54 /* Project object */;
}
